
Microsoft Visual Studio Solution File, Format Version 12.00
# Visual Studio 15
VisualStudioVersion = 15.0.28307.1321
MinimumVisualStudioVersion = 10.0.40219.1
Project("{8BC9CEB8-8B4A-11D0-8D11-00A0C91BC942}") = "MasterWorker", "MasterWorker\MasterWorker.vcxproj", "{605D5848-4B1C-426D-90FC-21730E8C63BB}"
EndProject
Global
	GlobalSection(SolutionConfigurationPlatforms) = preSolution
		Debug|x64 = Debug|x64
		Debug|x86 = Debug|x86
		Release|x64 = Release|x64
		Release|x86 = Release|x86
	EndGlobalSection
	GlobalSection(ProjectConfigurationPlatforms) = postSolution
		{605D5848-4B1C-426D-90FC-21730E8C63BB}.Debug|x64.ActiveCfg = Debug|x64
		{605D5848-4B1C-426D-90FC-21730E8C63BB}.Debug|x64.Build.0 = Debug|x64
		{605D5848-4B1C-426D-90FC-21730E8C63BB}.Debug|x86.ActiveCfg = Debug|Win32
		{605D5848-4B1C-426D-90FC-21730E8C63BB}.Debug|x86.Build.0 = Debug|Win32
		{605D5848-4B1C-426D-90FC-21730E8C63BB}.Release|x64.ActiveCfg = Release|x64
		{605D5848-4B1C-426D-90FC-21730E8C63BB}.Release|x64.Build.0 = Release|x64
		{605D5848-4B1C-426D-90FC-21730E8C63BB}.Release|x86.ActiveCfg = Release|Win32
		{605D5848-4B1C-426D-90FC-21730E8C63BB}.Release|x86.Build.0 = Release|Win32
	EndGlobalSection
	GlobalSection(SolutionProperties) = preSolution
		HideSolutionNode = FALSE
	EndGlobalSection
	GlobalSection(ExtensibilityGlobals) = postSolution
		SolutionGuid = {779074D5-2FCA-411B-8F8F-E7862F499DCD}
	EndGlobalSection
EndGlobal
